
Microsoft Visual Studio Solution File, Format Version 12.00
# Visual Studio Version 16
VisualStudioVersion = 16.0.31424.327
MinimumVisualStudioVersion = 10.0.40219.1
Project("{9A19103F-16F7-4668-BE54-9A1E7A4F7556}") = "BankApp.UI", "BankApp.UI\BankApp.UI.csproj", "{2FF612B4-8F2D-47C5-8D03-D09A076AE9CC}"
EndProject
Project("{9A19103F-16F7-4668-BE54-9A1E7A4F7556}") = "BankApp.Model", "BankApp.Model\BankApp.Model.csproj", "{0C513EBA-1AC1-4FAD-9F20-1DA35B88FEBF}"
EndProject
Project("{9A19103F-16F7-4668-BE54-9A1E7A4F7556}") = "BankApp.Data", "BankApp.Data\BankApp.Data.csproj", "{993ED5E6-C058-41E8-A283-3BC563912085}"
EndProject
Project("{9A19103F-16F7-4668-BE54-9A1E7A4F7556}") = "BankApp.Core", "BankApp.Core\BankApp.Core.csproj", "{BF9AE4C8-70E1-4CB1-85A3-D85422F228A5}"
EndProject
Project("{FAE04EC0-301F-11D3-BF4B-00C04F79EFBC}") = "Commons", "Commons\Commons.csproj", "{0AD08667-7544-4F9F-B428-9C06DE7EA152}"
EndProject
Global
	GlobalSection(SolutionConfigurationPlatforms) = preSolution
		Debug|Any CPU = Debug|Any CPU
		Release|Any CPU = Release|Any CPU
	EndGlobalSection
	GlobalSection(ProjectConfigurationPlatforms) = postSolution
		{2FF612B4-8F2D-47C5-8D03-D09A076AE9CC}.Debug|Any CPU.ActiveCfg = Debug|Any CPU
		{2FF612B4-8F2D-47C5-8D03-D09A076AE9CC}.Debug|Any CPU.Build.0 = Debug|Any CPU
		{2FF612B4-8F2D-47C5-8D03-D09A076AE9CC}.Release|Any CPU.ActiveCfg = Release|Any CPU
		{2FF612B4-8F2D-47C5-8D03-D09A076AE9CC}.Release|Any CPU.Build.0 = Release|Any CPU
		{0C513EBA-1AC1-4FAD-9F20-1DA35B88FEBF}.Debug|Any CPU.ActiveCfg = Debug|Any CPU
		{0C513EBA-1AC1-4FAD-9F20-1DA35B88FEBF}.Debug|Any CPU.Build.0 = Debug|Any CPU
		{0C513EBA-1AC1-4FAD-9F20-1DA35B88FEBF}.Release|Any CPU.ActiveCfg = Release|Any CPU
		{0C513EBA-1AC1-4FAD-9F20-1DA35B88FEBF}.Release|Any CPU.Build.0 = Release|Any CPU
		{993ED5E6-C058-41E8-A283-3BC563912085}.Debug|Any CPU.ActiveCfg = Debug|Any CPU
		{993ED5E6-C058-41E8-A283-3BC563912085}.Debug|Any CPU.Build.0 = Debug|Any CPU
		{993ED5E6-C058-41E8-A283-3BC563912085}.Release|Any CPU.ActiveCfg = Release|Any CPU
		{993ED5E6-C058-41E8-A283-3BC563912085}.Release|Any CPU.Build.0 = Release|Any CPU
		{BF9AE4C8-70E1-4CB1-85A3-D85422F228A5}.Debug|Any CPU.ActiveCfg = Debug|Any CPU
		{BF9AE4C8-70E1-4CB1-85A3-D85422F228A5}.Debug|Any CPU.Build.0 = Debug|Any CPU
		{BF9AE4C8-70E1-4CB1-85A3-D85422F228A5}.Release|Any CPU.ActiveCfg = Release|Any CPU
		{BF9AE4C8-70E1-4CB1-85A3-D85422F228A5}.Release|Any CPU.Build.0 = Release|Any CPU
		{0AD08667-7544-4F9F-B428-9C06DE7EA152}.Debug|Any CPU.ActiveCfg = Debug|Any CPU
		{0AD08667-7544-4F9F-B428-9C06DE7EA152}.Debug|Any CPU.Build.0 = Debug|Any CPU
		{0AD08667-7544-4F9F-B428-9C06DE7EA152}.Release|Any CPU.ActiveCfg = Release|Any CPU
		{0AD08667-7544-4F9F-B428-9C06DE7EA152}.Release|Any CPU.Build.0 = Release|Any CPU
	EndGlobalSection
	GlobalSection(SolutionProperties) = preSolution
		HideSolutionNode = FALSE
	EndGlobalSection
	GlobalSection(ExtensibilityGlobals) = postSolution
		SolutionGuid = {ADB57562-A9F8-4F32-9A05-26B170FDD9C5}
	EndGlobalSection
EndGlobal
